// !$*UTF8*$!
{
	archiveVersion = 1;
	classes = {
	};
	objectVersion = 50;
	objects = {

/* Begin PBXBuildFile section */
		AA32C64926344F6B005F6B3C /* RestfulPropertyKit.framework in Frameworks */ = {isa = PBXBuildFile; fileRef = AA32C63F26344F6B005F6B3C /* RestfulPropertyKit.framework */; };
		AA32C64E26344F6B005F6B3C /* RestfulPropertyKitTests.swift in Sources */ = {isa = PBXBuildFile; fileRef = AA32C64D26344F6B005F6B3C /* RestfulPropertyKitTests.swift */; };
		AA32C65026344F6B005F6B3C /* RestfulPropertyKit.h in Headers */ = {isa = PBXBuildFile; fileRef = AA32C64226344F6B005F6B3C /* RestfulPropertyKit.h */; settings = {ATTRIBUTES = (Public, ); }; };
		AA32C65A26345460005F6B3C /* Rest.swift in Sources */ = {isa = PBXBuildFile; fileRef = AA32C65926345460005F6B3C /* Rest.swift */; };
/* End PBXBuildFile section */

/* Begin PBXContainerItemProxy section */
		AA32C64A26344F6B005F6B3C /* PBXContainerItemProxy */ = {
			isa = PBXContainerItemProxy;
			containerPortal = AA32C63626344F6B005F6B3C /* Project object */;
			proxyType = 1;
			remoteGlobalIDString = AA32C63E26344F6B005F6B3C;
			remoteInfo = RestfulPropertyKit;
		};
/* End PBXContainerItemProxy section */

/* Begin PBXFileReference section */
		AA32C63F26344F6B005F6B3C /* RestfulPropertyKit.framework */ = {isa = PBXFileReference; explicitFileType = wrapper.framework; includeInIndex = 0; path = RestfulPropertyKit.framework; sourceTree = BUILT_PRODUCTS_DIR; };
		AA32C64226344F6B005F6B3C /* RestfulPropertyKit.h */ = {isa = PBXFileReference; lastKnownFileType = sourcecode.c.h; path = RestfulPropertyKit.h; sourceTree = "<group>"; };
		AA32C64326344F6B005F6B3C /* Info.plist */ = {isa = PBXFileReference; lastKnownFileType = text.plist.xml; path = Info.plist; sourceTree = "<group>"; };
		AA32C64826344F6B005F6B3C /* RestfulPropertyKitTests.xctest */ = {isa = PBXFileReference; explicitFileType = wrapper.cfbundle; includeInIndex = 0; path = RestfulPropertyKitTests.xctest; sourceTree = BUILT_PRODUCTS_DIR; };
		AA32C64D26344F6B005F6B3C /* RestfulPropertyKitTests.swift */ = {isa = PBXFileReference; lastKnownFileType = sourcecode.swift; path = RestfulPropertyKitTests.swift; sourceTree = "<group>"; };
		AA32C64F26344F6B005F6B3C /* Info.plist */ = {isa = PBXFileReference; lastKnownFileType = text.plist.xml; path = Info.plist; sourceTree = "<group>"; };
		AA32C65926345460005F6B3C /* Rest.swift */ = {isa = PBXFileReference; lastKnownFileType = sourcecode.swift; path = Rest.swift; sourceTree = "<group>"; };
/* End PBXFileReference section */

/* Begin PBXFrameworksBuildPhase section */
		AA32C63C26344F6B005F6B3C /* Frameworks */ = {
			isa = PBXFrameworksBuildPhase;
			buildActionMask = 2147483647;
			files = (
			);
			runOnlyForDeploymentPostprocessing = 0;
		};
		AA32C64526344F6B005F6B3C /* Frameworks */ = {
			isa = PBXFrameworksBuildPhase;
			buildActionMask = 2147483647;
			files = (
				AA32C64926344F6B005F6B3C /* RestfulPropertyKit.framework in Frameworks */,
			);
			runOnlyForDeploymentPostprocessing = 0;
		};
/* End PBXFrameworksBuildPhase section */

/* Begin PBXGroup section */
		AA32C63526344F6B005F6B3C = {
			isa = PBXGroup;
			children = (
				AA32C64126344F6B005F6B3C /* RestfulPropertyKit */,
				AA32C64C26344F6B005F6B3C /* RestfulPropertyKitTests */,
				AA32C64026344F6B005F6B3C /* Products */,
			);
			sourceTree = "<group>";
		};
		AA32C64026344F6B005F6B3C /* Products */ = {
			isa = PBXGroup;
			children = (
				AA32C63F26344F6B005F6B3C /* RestfulPropertyKit.framework */,
				AA32C64826344F6B005F6B3C /* RestfulPropertyKitTests.xctest */,
			);
			name = Products;
			sourceTree = "<group>";
		};
		AA32C64126344F6B005F6B3C /* RestfulPropertyKit */ = {
			isa = PBXGroup;
			children = (
				AA32C64226344F6B005F6B3C /* RestfulPropertyKit.h */,
				AA32C64326344F6B005F6B3C /* Info.plist */,
				AA32C65926345460005F6B3C /* Rest.swift */,
			);
			path = RestfulPropertyKit;
			sourceTree = "<group>";
		};
		AA32C64C26344F6B005F6B3C /* RestfulPropertyKitTests */ = {
			isa = PBXGroup;
			children = (
				AA32C64D26344F6B005F6B3C /* RestfulPropertyKitTests.swift */,
				AA32C64F26344F6B005F6B3C /* Info.plist */,
			);
			path = RestfulPropertyKitTests;
			sourceTree = "<group>";
		};
/* End PBXGroup section */

/* Begin PBXHeadersBuildPhase section */
		AA32C63A26344F6B005F6B3C /* Headers */ = {
			isa = PBXHeadersBuildPhase;
			buildActionMask = 2147483647;
			files = (
				AA32C65026344F6B005F6B3C /* RestfulPropertyKit.h in Headers */,
			);
			runOnlyForDeploymentPostprocessing = 0;
		};
/* End PBXHeadersBuildPhase section */

/* Begin PBXNativeTarget section */
		AA32C63E26344F6B005F6B3C /* RestfulPropertyKit */ = {
			isa = PBXNativeTarget;
			buildConfigurationList = AA32C65326344F6B005F6B3C /* Build configuration list for PBXNativeTarget "RestfulPropertyKit" */;
			buildPhases = (
				AA32C63A26344F6B005F6B3C /* Headers */,
				AA32C63B26344F6B005F6B3C /* Sources */,
				AA32C63C26344F6B005F6B3C /* Frameworks */,
				AA32C63D26344F6B005F6B3C /* Resources */,
			);
			buildRules = (
			);
			dependencies = (
			);
			name = RestfulPropertyKit;
			productName = RestfulPropertyKit;
			productReference = AA32C63F26344F6B005F6B3C /* RestfulPropertyKit.framework */;
			productType = "com.apple.product-type.framework";
		};
		AA32C64726344F6B005F6B3C /* RestfulPropertyKitTests */ = {
			isa = PBXNativeTarget;
			buildConfigurationList = AA32C65626344F6B005F6B3C /* Build configuration list for PBXNativeTarget "RestfulPropertyKitTests" */;
			buildPhases = (
				AA32C64426344F6B005F6B3C /* Sources */,
				AA32C64526344F6B005F6B3C /* Frameworks */,
				AA32C64626344F6B005F6B3C /* Resources */,
			);
			buildRules = (
			);
			dependencies = (
				AA32C64B26344F6B005F6B3C /* PBXTargetDependency */,
			);
			name = RestfulPropertyKitTests;
			productName = RestfulPropertyKitTests;
			productReference = AA32C64826344F6B005F6B3C /* RestfulPropertyKitTests.xctest */;
			productType = "com.apple.product-type.bundle.unit-test";
		};
/* End PBXNativeTarget section */

/* Begin PBXProject section */
		AA32C63626344F6B005F6B3C /* Project object */ = {
			isa = PBXProject;
			attributes = {
				LastSwiftUpdateCheck = 1250;
				LastUpgradeCheck = 1250;
				TargetAttributes = {
					AA32C63E26344F6B005F6B3C = {
						CreatedOnToolsVersion = 12.5;
						LastSwiftMigration = 1250;
					};
					AA32C64726344F6B005F6B3C = {
						CreatedOnToolsVersion = 12.5;
					};
				};
			};
			buildConfigurationList = AA32C63926344F6B005F6B3C /* Build configuration list for PBXProject "RestfulPropertyKit" */;
			compatibilityVersion = "Xcode 9.3";
			developmentRegion = en;
			hasScannedForEncodings = 0;
			knownRegions = (
				en,
				Base,
			);
			mainGroup = AA32C63526344F6B005F6B3C;
			productRefGroup = AA32C64026344F6B005F6B3C /* Products */;
			projectDirPath = "";
			projectRoot = "";
			targets = (
				AA32C63E26344F6B005F6B3C /* RestfulPropertyKit */,
				AA32C64726344F6B005F6B3C /* RestfulPropertyKitTests */,
			);
		};
/* End PBXProject section */

/* Begin PBXResourcesBuildPhase section */
		AA32C63D26344F6B005F6B3C /* Resources */ = {
			isa = PBXResourcesBuildPhase;
			buildActionMask = 2147483647;
			files = (
			);
			runOnlyForDeploymentPostprocessing = 0;
		};
		AA32C64626344F6B005F6B3C /* Resources */ = {
			isa = PBXResourcesBuildPhase;
			buildActionMask = 2147483647;
			files = (
			);
			runOnlyForDeploymentPostprocessing = 0;
		};
/* End PBXResourcesBuildPhase section */

/* Begin PBXSourcesBuildPhase section */
		AA32C63B26344F6B005F6B3C /* Sources */ = {
			isa = PBXSourcesBuildPhase;
			buildActionMask = 2147483647;
			files = (
				AA32C65A26345460005F6B3C /* Rest.swift in Sources */,
			);
			runOnlyForDeploymentPostprocessing = 0;
		};
		AA32C64426344F6B005F6B3C /* Sources */ = {
			isa = PBXSourcesBuildPhase;
			buildActionMask = 2147483647;
			files = (
				AA32C64E26344F6B005F6B3C /* RestfulPropertyKitTests.swift in Sources */,
			);
			runOnlyForDeploymentPostprocessing = 0;
		};
/* End PBXSourcesBuildPhase section */

/* Begin PBXTargetDependency section */
		AA32C64B26344F6B005F6B3C /* PBXTargetDependency */ = {
			isa = PBXTargetDependency;
			target = AA32C63E26344F6B005F6B3C /* RestfulPropertyKit */;
			targetProxy = AA32C64A26344F6B005F6B3C /* PBXContainerItemProxy */;
		};
/* End PBXTargetDependency section */

/* Begin XCBuildConfiguration section */
		AA32C65126344F6B005F6B3C /* Debug */ = {
			isa = XCBuildConfiguration;
			buildSettings = {
				ALWAYS_SEARCH_USER_PATHS = NO;
				CLANG_ANALYZER_NONNULL = YES;
				CLANG_ANALYZER_NUMBER_OBJECT_CONVERSION = YES_AGGRESSIVE;
				CLANG_CXX_LANGUAGE_STANDARD = "gnu++14";
				CLANG_CXX_LIBRARY = "libc++";
				CLANG_ENABLE_MODULES = YES;
				CLANG_ENABLE_OBJC_ARC = YES;
				CLANG_ENABLE_OBJC_WEAK = YES;
				CLANG_WARN_BLOCK_CAPTURE_AUTORELEASING = YES;
				CLANG_WARN_BOOL_CONVERSION = YES;
				CLANG_WARN_COMMA = YES;
				CLANG_WARN_CONSTANT_CONVERSION = YES;
				CLANG_WARN_DEPRECATED_OBJC_IMPLEMENTATIONS = YES;
				CLANG_WARN_DIRECT_OBJC_ISA_USAGE = YES_ERROR;
				CLANG_WARN_DOCUMENTATION_COMMENTS = YES;
				CLANG_WARN_EMPTY_BODY = YES;
				CLANG_WARN_ENUM_CONVERSION = YES;
				CLANG_WARN_INFINITE_RECURSION = YES;
				CLANG_WARN_INT_CONVERSION = YES;
				CLANG_WARN_NON_LITERAL_NULL_CONVERSION = YES;
				CLANG_WARN_OBJC_IMPLICIT_RETAIN_SELF = YES;
				CLANG_WARN_OBJC_LITERAL_CONVERSION = YES;
				CLANG_WARN_OBJC_ROOT_CLASS = YES_ERROR;
				CLANG_WARN_QUOTED_INCLUDE_IN_FRAMEWORK_HEADER = YES;
				CLANG_WARN_RANGE_LOOP_ANALYSIS = YES;
				CLANG_WARN_STRICT_PROTOTYPES = YES;
				CLANG_WARN_SUSPICIOUS_MOVE = YES;
				CLANG_WARN_UNGUARDED_AVAILABILITY = YES_AGGRESSIVE;
				CLANG_WARN_UNREACHABLE_CODE = YES;
				CLANG_WARN__DUPLICATE_METHOD_MATCH = YES;
				COPY_PHASE_STRIP = NO;
				CURRENT_PROJECT_VERSION = 1;
				DEBUG_INFORMATION_FORMAT = dwarf;
				ENABLE_STRICT_OBJC_MSGSEND = YES;
				ENABLE_TESTABILITY = YES;
				GCC_C_LANGUAGE_STANDARD = gnu11;
				GCC_DYNAMIC_NO_PIC = NO;
				GCC_NO_COMMON_BLOCKS = YES;
				GCC_OPTIMIZATION_LEVEL = 0;
				GCC_PREPROCESSOR_DEFINITIONS = (
					"DEBUG=1",
					"$(inherited)",
				);
				GCC_WARN_64_TO_32_BIT_CONVERSION = YES;
				GCC_WARN_ABOUT_RETURN_TYPE = YES_ERROR;
				GCC_WARN_UNDECLARED_SELECTOR = YES;
				GCC_WARN_UNINITIALIZED_AUTOS = YES_AGGRESSIVE;
				GCC_WARN_UNUSED_FUNCTION = YES;
				GCC_WARN_UNUSED_VARIABLE = YES;
				IPHONEOS_DEPLOYMENT_TARGET = 14.5;
				MTL_ENABLE_DEBUG_INFO = INCLUDE_SOURCE;
				MTL_FAST_MATH = YES;
				ONLY_ACTIVE_ARCH = YES;
				SDKROOT = iphoneos;
				SWIFT_ACTIVE_COMPILATION_CONDITIONS = DEBUG;
				SWIFT_OPTIMIZATION_LEVEL = "-Onone";
				VERSIONING_SYSTEM = "apple-generic";
				VERSION_INFO_PREFIX = "";
			};
			name = Debug;
		};
		AA32C65226344F6B005F6B3C /* Release */ = {
			isa = XCBuildConfiguration;
			buildSettings = {
				ALWAYS_SEARCH_USER_PATHS = NO;
				CLANG_ANALYZER_NONNULL = YES;
				CLANG_ANALYZER_NUMBER_OBJECT_CONVERSION = YES_AGGRESSIVE;
				CLANG_CXX_LANGUAGE_STANDARD = "gnu++14";
				CLANG_CXX_LIBRARY = "libc++";
				CLANG_ENABLE_MODULES = YES;
				CLANG_ENABLE_OBJC_ARC = YES;
				CLANG_ENABLE_OBJC_WEAK = YES;
				CLANG_WARN_BLOCK_CAPTURE_AUTORELEASING = YES;
				CLANG_WARN_BOOL_CONVERSION = YES;
				CLANG_WARN_COMMA = YES;
				CLANG_WARN_CONSTANT_CONVERSION = YES;
				CLANG_WARN_DEPRECATED_OBJC_IMPLEMENTATIONS = YES;
				CLANG_WARN_DIRECT_OBJC_ISA_USAGE = YES_ERROR;
				CLANG_WARN_DOCUMENTATION_COMMENTS = YES;
				CLANG_WARN_EMPTY_BODY = YES;
				CLANG_WARN_ENUM_CONVERSION = YES;
				CLANG_WARN_INFINITE_RECURSION = YES;
				CLANG_WARN_INT_CONVERSION = YES;
				CLANG_WARN_NON_LITERAL_NULL_CONVERSION = YES;
				CLANG_WARN_OBJC_IMPLICIT_RETAIN_SELF = YES;
				CLANG_WARN_OBJC_LITERAL_CONVERSION = YES;
				CLANG_WARN_OBJC_ROOT_CLASS = YES_ERROR;
				CLANG_WARN_QUOTED_INCLUDE_IN_FRAMEWORK_HEADER = YES;
				CLANG_WARN_RANGE_LOOP_ANALYSIS = YES;
				CLANG_WARN_STRICT_PROTOTYPES = YES;
				CLANG_WARN_SUSPICIOUS_MOVE = YES;
				CLANG_WARN_UNGUARDED_AVAILABILITY = YES_AGGRESSIVE;
				CLANG_WARN_UNREACHABLE_CODE = YES;
				CLANG_WARN__DUPLICATE_METHOD_MATCH = YES;
				COPY_PHASE_STRIP = NO;
				CURRENT_PROJECT_VERSION = 1;
				DEBUG_INFORMATION_FORMAT = "dwarf-with-dsym";
				ENABLE_NS_ASSERTIONS = NO;
				ENABLE_STRICT_OBJC_MSGSEND = YES;
				GCC_C_LANGUAGE_STANDARD = gnu11;
				GCC_NO_COMMON_BLOCKS = YES;
				GCC_WARN_64_TO_32_BIT_CONVERSION = YES;
				GCC_WARN_ABOUT_RETURN_TYPE = YES_ERROR;
				GCC_WARN_UNDECLARED_SELECTOR = YES;
				GCC_WARN_UNINITIALIZED_AUTOS = YES_AGGRESSIVE;
				GCC_WARN_UNUSED_FUNCTION = YES;
				GCC_WARN_UNUSED_VARIABLE = YES;
				IPHONEOS_DEPLOYMENT_TARGET = 14.5;
				MTL_ENABLE_DEBUG_INFO = NO;
				MTL_FAST_MATH = YES;
				SDKROOT = iphoneos;
				SWIFT_COMPILATION_MODE = wholemodule;
				SWIFT_OPTIMIZATION_LEVEL = "-O";
				VALIDATE_PRODUCT = YES;
				VERSIONING_SYSTEM = "apple-generic";
				VERSION_INFO_PREFIX = "";
			};
			name = Release;
		};
		AA32C65426344F6B005F6B3C /* Debug */ = {
			isa = XCBuildConfiguration;
			buildSettings = {
				BUILD_LIBRARY_FOR_DISTRIBUTION = YES;
				CLANG_ENABLE_MODULES = YES;
				CODE_SIGN_STYLE = Automatic;
				DEFINES_MODULE = YES;
				DEVELOPMENT_TEAM = GTWS9ARAD6;
				DYLIB_COMPATIBILITY_VERSION = 1;
				DYLIB_CURRENT_VERSION = 1;
				DYLIB_INSTALL_NAME_BASE = "@rpath";
				INFOPLIST_FILE = RestfulPropertyKit/Info.plist;
				INSTALL_PATH = "$(LOCAL_LIBRARY_DIR)/Frameworks";
				LD_RUNPATH_SEARCH_PATHS = (
					"$(inherited)",
					"@executable_path/Frameworks",
					"@loader_path/Frameworks",
				);
				PRODUCT_BUNDLE_IDENTIFIER = dev.grevend.RestfulPropertyKit;
				PRODUCT_NAME = "$(TARGET_NAME:c99extidentifier)";
				SKIP_INSTALL = YES;
				SWIFT_OPTIMIZATION_LEVEL = "-Onone";
				SWIFT_VERSION = 5.0;
				TARGETED_DEVICE_FAMILY = "1,2";
			};
			name = Debug;
		};
		AA32C65526344F6B005F6B3C /* Release */ = {
			isa = XCBuildConfiguration;
			buildSettings = {
				BUILD_LIBRARY_FOR_DISTRIBUTION = YES;
				CLANG_ENABLE_MODULES = YES;
				CODE_SIGN_STYLE = Automatic;
				DEFINES_MODULE = YES;
				DEVELOPMENT_TEAM = GTWS9ARAD6;
				DYLIB_COMPATIBILITY_VERSION = 1;
				DYLIB_CURRENT_VERSION = 1;
				DYLIB_INSTALL_NAME_BASE = "@rpath";
				INFOPLIST_FILE = RestfulPropertyKit/Info.plist;
				INSTALL_PATH = "$(LOCAL_LIBRARY_DIR)/Frameworks";
				LD_RUNPATH_SEARCH_PATHS = (
					"$(inherited)",
					"@executable_path/Frameworks",
					"@loader_path/Frameworks",
				);
				PRODUCT_BUNDLE_IDENTIFIER = dev.grevend.RestfulPropertyKit;
				PRODUCT_NAME = "$(TARGET_NAME:c99extidentifier)";
				SKIP_INSTALL = YES;
				SWIFT_VERSION = 5.0;
				TARGETED_DEVICE_FAMILY = "1,2";
			};
			name = Release;
		};
		AA32C65726344F6B005F6B3C /* Debug */ = {
			isa = XCBuildConfiguration;
			buildSettings = {
				ALWAYS_EMBED_SWIFT_STANDARD_LIBRARIES = YES;
				CODE_SIGN_STYLE = Automatic;
				DEVELOPMENT_TEAM = GTWS9ARAD6;
				INFOPLIST_FILE = RestfulPropertyKitTests/Info.plist;
				LD_RUNPATH_SEARCH_PATHS = (
					"$(inherited)",
					"@executable_path/Frameworks",
					"@loader_path/Frameworks",
				);
				PRODUCT_BUNDLE_IDENTIFIER = dev.grevend.RestfulPropertyKitTests;
				PRODUCT_NAME = "$(TARGET_NAME)";
				SWIFT_VERSION = 5.0;
				TARGETED_DEVICE_FAMILY = "1,2";
			};
			name = Debug;
		};
		AA32C65826344F6B005F6B3C /* Release */ = {
			isa = XCBuildConfiguration;
			buildSettings = {
				ALWAYS_EMBED_SWIFT_STANDARD_LIBRARIES = YES;
				CODE_SIGN_STYLE = Automatic;
				DEVELOPMENT_TEAM = GTWS9ARAD6;
				INFOPLIST_FILE = RestfulPropertyKitTests/Info.plist;
				LD_RUNPATH_SEARCH_PATHS = (
					"$(inherited)",
					"@executable_path/Frameworks",
					"@loader_path/Frameworks",
				);
				PRODUCT_BUNDLE_IDENTIFIER = dev.grevend.RestfulPropertyKitTests;
				PRODUCT_NAME = "$(TARGET_NAME)";
				SWIFT_VERSION = 5.0;
				TARGETED_DEVICE_FAMILY = "1,2";
			};
			name = Release;
		};
/* End XCBuildConfiguration section */

/* Begin XCConfigurationList section */
		AA32C63926344F6B005F6B3C /* Build configuration list for PBXProject "RestfulPropertyKit" */ = {
			isa = XCConfigurationList;
			buildConfigurations = (
				AA32C65126344F6B005F6B3C /* Debug */,
				AA32C65226344F6B005F6B3C /* Release */,
			);
			defaultConfigurationIsVisible = 0;
			defaultConfigurationName = Release;
		};
		AA32C65326344F6B005F6B3C /* Build configuration list for PBXNativeTarget "RestfulPropertyKit" */ = {
			isa = XCConfigurationList;
			buildConfigurations = (
				AA32C65426344F6B005F6B3C /* Debug */,
				AA32C65526344F6B005F6B3C /* Release */,
			);
			defaultConfigurationIsVisible = 0;
			defaultConfigurationName = Release;
		};
		AA32C65626344F6B005F6B3C /* Build configuration list for PBXNativeTarget "RestfulPropertyKitTests" */ = {
			isa = XCConfigurationList;
			buildConfigurations = (
				AA32C65726344F6B005F6B3C /* Debug */,
				AA32C65826344F6B005F6B3C /* Release */,
			);
			defaultConfigurationIsVisible = 0;
			defaultConfigurationName = Release;
		};
/* End XCConfigurationList section */
	};
	rootObject = AA32C63626344F6B005F6B3C /* Project object */;
}
